PODS:
  - Masonry (1.1.0)
  - SAMKeychain (1.5.3)

DEPENDENCIES:
  - Masonry
  - SAMKeychain

SPEC CHECKSUMS:
  Masonry: 678fab65091a9290e40e2832a55e7ab731aad201
  SAMKeychain: 483e1c9f32984d50ca961e26818a534283b4cd5c

PODFILE CHECKSUM: aa4a28230792a26e1aa71c8a90cfca01219901dc

COCOAPODS: 1.4.0.beta.2
